// !$*UTF8*$!
{
	archiveVersion = 1;
	classes = {
	};
	objectVersion = 56;
	objects = {

/* Begin PBXBuildFile section */
		AA0A4DA229C6CD6E008A1107 /* HomeViewModel.swift in Sources */ = {isa = PBXBuildFile; fileRef = AA0A4DA129C6CD6E008A1107 /* HomeViewModel.swift */; };
		AA0A4DA529C6CDC8008A1107 /* Category.swift in Sources */ = {isa = PBXBuildFile; fileRef = AA0A4DA429C6CDC8008A1107 /* Category.swift */; };
		AA6E301C29C31B0C001B4A87 /* CoreDataService.swift in Sources */ = {isa = PBXBuildFile; fileRef = AA6E301B29C31B0C001B4A87 /* CoreDataService.swift */; };
		AA6E301F29C31BEF001B4A87 /* CoreDataUserModel.xcdatamodeld in Sources */ = {isa = PBXBuildFile; fileRef = AA6E301D29C31BEF001B4A87 /* CoreDataUserModel.xcdatamodeld */; };
		AA70FEF329C0364900CC714B /* StoreMVVMApp.swift in Sources */ = {isa = PBXBuildFile; fileRef = AA70FEF229C0364900CC714B /* StoreMVVMApp.swift */; };
		AA70FEF729C0364B00CC714B /* Assets.xcassets in Resources */ = {isa = PBXBuildFile; fileRef = AA70FEF629C0364B00CC714B /* Assets.xcassets */; };
		AA70FEFA29C0364B00CC714B /* Preview Assets.xcassets in Resources */ = {isa = PBXBuildFile; fileRef = AA70FEF929C0364B00CC714B /* Preview Assets.xcassets */; };
		AA82CFFB29C40B49001164C3 /* LogInViewModel.swift in Sources */ = {isa = PBXBuildFile; fileRef = AA82CFFA29C40B49001164C3 /* LogInViewModel.swift */; };
		AA8C08AC29C5515C00600C8C /* MainTabBarView.swift in Sources */ = {isa = PBXBuildFile; fileRef = AA8C08AB29C5515C00600C8C /* MainTabBarView.swift */; };
		AA8C08AF29C5529300600C8C /* ProfileView.swift in Sources */ = {isa = PBXBuildFile; fileRef = AA8C08AE29C5529300600C8C /* ProfileView.swift */; };
		AA8C08B229C5540400600C8C /* TabItem.swift in Sources */ = {isa = PBXBuildFile; fileRef = AA8C08B129C5540400600C8C /* TabItem.swift */; };
		AA8C08B429C554BE00600C8C /* StoreTabBarView.swift in Sources */ = {isa = PBXBuildFile; fileRef = AA8C08B329C554BE00600C8C /* StoreTabBarView.swift */; };
		AA8C08B629C5559300600C8C /* StoreBackgroundTabBarShape.swift in Sources */ = {isa = PBXBuildFile; fileRef = AA8C08B529C5559300600C8C /* StoreBackgroundTabBarShape.swift */; };
		AAB15BE029C03F2B00412F34 /* SignInView.swift in Sources */ = {isa = PBXBuildFile; fileRef = AAB15BDF29C03F2B00412F34 /* SignInView.swift */; };
		AAB15BE429C049B700412F34 /* Montserrat-Regular.ttf in Resources */ = {isa = PBXBuildFile; fileRef = AAB15BE329C0493500412F34 /* Montserrat-Regular.ttf */; };
		AAB15BF029C04F7700412F34 /* Montserrat-Bold.ttf in Resources */ = {isa = PBXBuildFile; fileRef = AAB15BEF29C04F7700412F34 /* Montserrat-Bold.ttf */; };
		AAB15BF329C057AD00412F34 /* View+Extension.swift in Sources */ = {isa = PBXBuildFile; fileRef = AAB15BF229C057AD00412F34 /* View+Extension.swift */; };
		AAB15BF729C066BB00412F34 /* LogInView.swift in Sources */ = {isa = PBXBuildFile; fileRef = AAB15BF629C066BB00412F34 /* LogInView.swift */; };
		AAB683AD29C2DA2C007BB79E /* SignInViewModel.swift in Sources */ = {isa = PBXBuildFile; fileRef = AAB683AC29C2DA2C007BB79E /* SignInViewModel.swift */; };
		AAC04DF129C6AD4F0024E267 /* HomeView.swift in Sources */ = {isa = PBXBuildFile; fileRef = AAC04DF029C6AD4F0024E267 /* HomeView.swift */; };
		AAC04DF429C6AE630024E267 /* BackgroundColorView.swift in Sources */ = {isa = PBXBuildFile; fileRef = AAC04DF329C6AE630024E267 /* BackgroundColorView.swift */; };
		AAC09C5929C738CC006FB9E9 /* GrayCircleButtonView.swift in Sources */ = {isa = PBXBuildFile; fileRef = AAC09C5829C738CC006FB9E9 /* GrayCircleButtonView.swift */; };
		AAC09C5B29C73B14006FB9E9 /* FlashSale.swift in Sources */ = {isa = PBXBuildFile; fileRef = AAC09C5A29C73B14006FB9E9 /* FlashSale.swift */; };
		AAD2531129C6F7F500067FB7 /* LastDeal.swift in Sources */ = {isa = PBXBuildFile; fileRef = AAD2531029C6F7F500067FB7 /* LastDeal.swift */; };
		AAEC5ECF29C2C23E007066E9 /* Coordinator.swift in Sources */ = {isa = PBXBuildFile; fileRef = AAEC5ECE29C2C23E007066E9 /* Coordinator.swift */; };
		AAEC5ED129C2C36E007066E9 /* ViewName.swift in Sources */ = {isa = PBXBuildFile; fileRef = AAEC5ED029C2C36E007066E9 /* ViewName.swift */; };
		AAEC5ED329C2C3F9007066E9 /* CoordinatorView.swift in Sources */ = {isa = PBXBuildFile; fileRef = AAEC5ED229C2C3F9007066E9 /* CoordinatorView.swift */; };
/* End PBXBuildFile section */

/* Begin PBXFileReference section */
		AA0A4DA129C6CD6E008A1107 /* HomeViewModel.swift */ = {isa = PBXFileReference; lastKnownFileType = sourcecode.swift; path = HomeViewModel.swift; sourceTree = "<group>"; };
		AA0A4DA429C6CDC8008A1107 /* Category.swift */ = {isa = PBXFileReference; lastKnownFileType = sourcecode.swift; path = Category.swift; sourceTree = "<group>"; };
		AA6E301B29C31B0C001B4A87 /* CoreDataService.swift */ = {isa = PBXFileReference; lastKnownFileType = sourcecode.swift; path = CoreDataService.swift; sourceTree = "<group>"; };
		AA6E301E29C31BEF001B4A87 /* User.xcdatamodel */ = {isa = PBXFileReference; lastKnownFileType = wrapper.xcdatamodel; path = User.xcdatamodel; sourceTree = "<group>"; };
		AA70FEEF29C0364900CC714B /* StoreMVVM.app */ = {isa = PBXFileReference; explicitFileType = wrapper.application; includeInIndex = 0; path = StoreMVVM.app; sourceTree = BUILT_PRODUCTS_DIR; };
		AA70FEF229C0364900CC714B /* StoreMVVMApp.swift */ = {isa = PBXFileReference; lastKnownFileType = sourcecode.swift; path = StoreMVVMApp.swift; sourceTree = "<group>"; };
		AA70FEF629C0364B00CC714B /* Assets.xcassets */ = {isa = PBXFileReference; lastKnownFileType = folder.assetcatalog; path = Assets.xcassets; sourceTree = "<group>"; };
		AA70FEF929C0364B00CC714B /* Preview Assets.xcassets */ = {isa = PBXFileReference; lastKnownFileType = folder.assetcatalog; path = "Preview Assets.xcassets"; sourceTree = "<group>"; };
		AA82CFFA29C40B49001164C3 /* LogInViewModel.swift */ = {isa = PBXFileReference; lastKnownFileType = sourcecode.swift; path = LogInViewModel.swift; sourceTree = "<group>"; };
		AA8C08AB29C5515C00600C8C /* MainTabBarView.swift */ = {isa = PBXFileReference; lastKnownFileType = sourcecode.swift; path = MainTabBarView.swift; sourceTree = "<group>"; };
		AA8C08AE29C5529300600C8C /* ProfileView.swift */ = {isa = PBXFileReference; lastKnownFileType = sourcecode.swift; path = ProfileView.swift; sourceTree = "<group>"; };
		AA8C08B129C5540400600C8C /* TabItem.swift */ = {isa = PBXFileReference; lastKnownFileType = sourcecode.swift; path = TabItem.swift; sourceTree = "<group>"; };
		AA8C08B329C554BE00600C8C /* StoreTabBarView.swift */ = {isa = PBXFileReference; lastKnownFileType = sourcecode.swift; path = StoreTabBarView.swift; sourceTree = "<group>"; };
		AA8C08B529C5559300600C8C /* StoreBackgroundTabBarShape.swift */ = {isa = PBXFileReference; lastKnownFileType = sourcecode.swift; path = StoreBackgroundTabBarShape.swift; sourceTree = "<group>"; };
		AAB15BDF29C03F2B00412F34 /* SignInView.swift */ = {isa = PBXFileReference; lastKnownFileType = sourcecode.swift; path = SignInView.swift; sourceTree = "<group>"; };
		AAB15BE329C0493500412F34 /* Montserrat-Regular.ttf */ = {isa = PBXFileReference; lastKnownFileType = file; path = "Montserrat-Regular.ttf"; sourceTree = "<group>"; };
		AAB15BE529C04ACE00412F34 /* Info.plist */ = {isa = PBXFileReference; lastKnownFileType = text.plist.xml; path = Info.plist; sourceTree = "<group>"; };
		AAB15BEF29C04F7700412F34 /* Montserrat-Bold.ttf */ = {isa = PBXFileReference; lastKnownFileType = file; path = "Montserrat-Bold.ttf"; sourceTree = "<group>"; };
		AAB15BF229C057AD00412F34 /* View+Extension.swift */ = {isa = PBXFileReference; lastKnownFileType = sourcecode.swift; path = "View+Extension.swift"; sourceTree = "<group>"; };
		AAB15BF629C066BB00412F34 /* LogInView.swift */ = {isa = PBXFileReference; lastKnownFileType = sourcecode.swift; path = LogInView.swift; sourceTree = "<group>"; };
		AAB683AC29C2DA2C007BB79E /* SignInViewModel.swift */ = {isa = PBXFileReference; lastKnownFileType = sourcecode.swift; path = SignInViewModel.swift; sourceTree = "<group>"; };
		AAC04DF029C6AD4F0024E267 /* HomeView.swift */ = {isa = PBXFileReference; lastKnownFileType = sourcecode.swift; path = HomeView.swift; sourceTree = "<group>"; };
		AAC04DF329C6AE630024E267 /* BackgroundColorView.swift */ = {isa = PBXFileReference; lastKnownFileType = sourcecode.swift; path = BackgroundColorView.swift; sourceTree = "<group>"; };
		AAC09C5829C738CC006FB9E9 /* GrayCircleButtonView.swift */ = {isa = PBXFileReference; lastKnownFileType = sourcecode.swift; path = GrayCircleButtonView.swift; sourceTree = "<group>"; };
		AAC09C5A29C73B14006FB9E9 /* FlashSale.swift */ = {isa = PBXFileReference; lastKnownFileType = sourcecode.swift; path = FlashSale.swift; sourceTree = "<group>"; };
		AAD2531029C6F7F500067FB7 /* LastDeal.swift */ = {isa = PBXFileReference; lastKnownFileType = sourcecode.swift; path = LastDeal.swift; sourceTree = "<group>"; };
		AAEC5ECE29C2C23E007066E9 /* Coordinator.swift */ = {isa = PBXFileReference; lastKnownFileType = sourcecode.swift; path = Coordinator.swift; sourceTree = "<group>"; };
		AAEC5ED029C2C36E007066E9 /* ViewName.swift */ = {isa = PBXFileReference; lastKnownFileType = sourcecode.swift; path = ViewName.swift; sourceTree = "<group>"; };
		AAEC5ED229C2C3F9007066E9 /* CoordinatorView.swift */ = {isa = PBXFileReference; lastKnownFileType = sourcecode.swift; path = CoordinatorView.swift; sourceTree = "<group>"; };
/* End PBXFileReference section */

/* Begin PBXFrameworksBuildPhase section */
		AA70FEEC29C0364900CC714B /* Frameworks */ = {
			isa = PBXFrameworksBuildPhase;
			buildActionMask = 2147483647;
			files = (
			);
			runOnlyForDeploymentPostprocessing = 0;
		};
/* End PBXFrameworksBuildPhase section */

/* Begin PBXGroup section */
		AA0A4DA029C6CD2C008A1107 /* ViewModel */ = {
			isa = PBXGroup;
			children = (
				AA0A4DA129C6CD6E008A1107 /* HomeViewModel.swift */,
			);
			path = ViewModel;
			sourceTree = "<group>";
		};
		AA0A4DA329C6CDAC008A1107 /* Model */ = {
			isa = PBXGroup;
			children = (
				AA0A4DA429C6CDC8008A1107 /* Category.swift */,
				AAD2531029C6F7F500067FB7 /* LastDeal.swift */,
				AAC09C5A29C73B14006FB9E9 /* FlashSale.swift */,
			);
			path = Model;
			sourceTree = "<group>";
		};
		AA70FEE629C0364900CC714B = {
			isa = PBXGroup;
			children = (
				AA70FEF129C0364900CC714B /* StoreMVVM */,
				AA70FEF029C0364900CC714B /* Products */,
			);
			sourceTree = "<group>";
		};
		AA70FEF029C0364900CC714B /* Products */ = {
			isa = PBXGroup;
			children = (
				AA70FEEF29C0364900CC714B /* StoreMVVM.app */,
			);
			name = Products;
			sourceTree = "<group>";
		};
		AA70FEF129C0364900CC714B /* StoreMVVM */ = {
			isa = PBXGroup;
			children = (
				AAEC5ED429C2C852007066E9 /* App */,
				AAEC5ED529C2C868007066E9 /* Resources */,
				AA70FEF829C0364B00CC714B /* Preview Content */,
				AAB15BE529C04ACE00412F34 /* Info.plist */,
			);
			path = StoreMVVM;
			sourceTree = "<group>";
		};
		AA70FEF829C0364B00CC714B /* Preview Content */ = {
			isa = PBXGroup;
			children = (
				AA70FEF929C0364B00CC714B /* Preview Assets.xcassets */,
			);
			path = "Preview Content";
			sourceTree = "<group>";
		};
		AA82CFF929C40B32001164C3 /* ViewModel */ = {
			isa = PBXGroup;
			children = (
				AA82CFFA29C40B49001164C3 /* LogInViewModel.swift */,
			);
			path = ViewModel;
			sourceTree = "<group>";
		};
		AA8C08A829C550AA00600C8C /* Profile */ = {
			isa = PBXGroup;
			children = (
				AA8C08AD29C5528000600C8C /* View */,
			);
			path = Profile;
			sourceTree = "<group>";
		};
		AA8C08A929C5514600600C8C /* MainTabBar */ = {
			isa = PBXGroup;
			children = (
				AA8C08B029C553EB00600C8C /* Model */,
				AA8C08AA29C5514F00600C8C /* View */,
			);
			path = MainTabBar;
			sourceTree = "<group>";
		};
		AA8C08AA29C5514F00600C8C /* View */ = {
			isa = PBXGroup;
			children = (
				AA8C08AB29C5515C00600C8C /* MainTabBarView.swift */,
				AA8C08B329C554BE00600C8C /* StoreTabBarView.swift */,
			);
			path = View;
			sourceTree = "<group>";
		};
		AA8C08AD29C5528000600C8C /* View */ = {
			isa = PBXGroup;
			children = (
				AA8C08AE29C5529300600C8C /* ProfileView.swift */,
			);
			path = View;
			sourceTree = "<group>";
		};
		AA8C08B029C553EB00600C8C /* Model */ = {
			isa = PBXGroup;
			children = (
				AA8C08B129C5540400600C8C /* TabItem.swift */,
			);
			path = Model;
			sourceTree = "<group>";
		};
		AA8C08B729C55FF700600C8C /* Shapes */ = {
			isa = PBXGroup;
			children = (
				AA8C08B529C5559300600C8C /* StoreBackgroundTabBarShape.swift */,
			);
			path = Shapes;
			sourceTree = "<group>";
		};
		AAB15BDE29C03E6E00412F34 /* SignIn */ = {
			isa = PBXGroup;
			children = (
				AAB683AB29C2DA14007BB79E /* ViewModel */,
				AAB15BE229C0484A00412F34 /* View */,
			);
			path = SignIn;
			sourceTree = "<group>";
		};
		AAB15BE129C0483600412F34 /* Screens */ = {
			isa = PBXGroup;
			children = (
				AAC04DEE29C6ACBD0024E267 /* Home */,
				AA8C08A929C5514600600C8C /* MainTabBar */,
				AA8C08A829C550AA00600C8C /* Profile */,
				AAB15BDE29C03E6E00412F34 /* SignIn */,
				AAB15BF429C066A200412F34 /* LogIn */,
			);
			path = Screens;
			sourceTree = "<group>";
		};
		AAB15BE229C0484A00412F34 /* View */ = {
			isa = PBXGroup;
			children = (
				AAB15BDF29C03F2B00412F34 /* SignInView.swift */,
			);
			path = View;
			sourceTree = "<group>";
		};
		AAB15BE629C04B3200412F34 /* Fonts */ = {
			isa = PBXGroup;
			children = (
				AAB15BE329C0493500412F34 /* Montserrat-Regular.ttf */,
				AAB15BEF29C04F7700412F34 /* Montserrat-Bold.ttf */,
			);
			path = Fonts;
			sourceTree = "<group>";
		};
		AAB15BF129C0576F00412F34 /* Extensions */ = {
			isa = PBXGroup;
			children = (
				AAB15BF229C057AD00412F34 /* View+Extension.swift */,
			);
			path = Extensions;
			sourceTree = "<group>";
		};
		AAB15BF429C066A200412F34 /* LogIn */ = {
			isa = PBXGroup;
			children = (
				AA82CFF929C40B32001164C3 /* ViewModel */,
				AAB15BF529C066AA00412F34 /* View */,
			);
			path = LogIn;
			sourceTree = "<group>";
		};
		AAB15BF529C066AA00412F34 /* View */ = {
			isa = PBXGroup;
			children = (
				AAB15BF629C066BB00412F34 /* LogInView.swift */,
			);
			path = View;
			sourceTree = "<group>";
		};
		AAB683AB29C2DA14007BB79E /* ViewModel */ = {
			isa = PBXGroup;
			children = (
				AAB683AC29C2DA2C007BB79E /* SignInViewModel.swift */,
			);
			path = ViewModel;
			sourceTree = "<group>";
		};
		AAC04DEE29C6ACBD0024E267 /* Home */ = {
			isa = PBXGroup;
			children = (
				AA0A4DA329C6CDAC008A1107 /* Model */,
				AA0A4DA029C6CD2C008A1107 /* ViewModel */,
				AAC04DEF29C6AD3B0024E267 /* View */,
			);
			path = Home;
			sourceTree = "<group>";
		};
		AAC04DEF29C6AD3B0024E267 /* View */ = {
			isa = PBXGroup;
			children = (
				AAC04DF029C6AD4F0024E267 /* HomeView.swift */,
			);
			path = View;
			sourceTree = "<group>";
		};
		AAC04DF229C6AE400024E267 /* CommonViews */ = {
			isa = PBXGroup;
			children = (
				AAC04DF329C6AE630024E267 /* BackgroundColorView.swift */,
				AAC09C5829C738CC006FB9E9 /* GrayCircleButtonView.swift */,
			);
			path = CommonViews;
			sourceTree = "<group>";
		};
		AAEC5E9D29C2A149007066E9 /* Coordinators */ = {
			isa = PBXGroup;
			children = (
				AAEC5ED029C2C36E007066E9 /* ViewName.swift */,
				AAEC5ECE29C2C23E007066E9 /* Coordinator.swift */,
				AAEC5ED229C2C3F9007066E9 /* CoordinatorView.swift */,
			);
			path = Coordinators;
			sourceTree = "<group>";
		};
		AAEC5ED429C2C852007066E9 /* App */ = {
			isa = PBXGroup;
			children = (
				AA70FEF229C0364900CC714B /* StoreMVVMApp.swift */,
				AAC04DF229C6AE400024E267 /* CommonViews */,
				AAB15BF129C0576F00412F34 /* Extensions */,
				AAEC5ED729C2C996007066E9 /* Services */,
				AAEC5E9D29C2A149007066E9 /* Coordinators */,
				AAB15BE129C0483600412F34 /* Screens */,
				AA8C08B729C55FF700600C8C /* Shapes */,
			);
			path = App;
			sourceTree = "<group>";
		};
		AAEC5ED529C2C868007066E9 /* Resources */ = {
			isa = PBXGroup;
			children = (
				AA70FEF629C0364B00CC714B /* Assets.xcassets */,
				AAB15BE629C04B3200412F34 /* Fonts */,
			);
			path = Resources;
			sourceTree = "<group>";
		};
		AAEC5ED729C2C996007066E9 /* Services */ = {
			isa = PBXGroup;
			children = (
				AA6E301B29C31B0C001B4A87 /* CoreDataService.swift */,
				AA6E301D29C31BEF001B4A87 /* CoreDataUserModel.xcdatamodeld */,
			);
			path = Services;
			sourceTree = "<group>";
		};
/* End PBXGroup section */

/* Begin PBXNativeTarget section */
		AA70FEEE29C0364900CC714B /* StoreMVVM */ = {
			isa = PBXNativeTarget;
			buildConfigurationList = AA70FEFD29C0364B00CC714B /* Build configuration list for PBXNativeTarget "StoreMVVM" */;
			buildPhases = (
				AA70FEEB29C0364900CC714B /* Sources */,
				AA70FEEC29C0364900CC714B /* Frameworks */,
				AA70FEED29C0364900CC714B /* Resources */,
				AAFD30D429C0385700F65767 /* SwiftFormat */,
				AAFD30D529C0399900F65767 /* SwiftLint */,
			);
			buildRules = (
			);
			dependencies = (
			);
			name = StoreMVVM;
			productName = StoreMVVM;
			productReference = AA70FEEF29C0364900CC714B /* StoreMVVM.app */;
			productType = "com.apple.product-type.application";
		};
/* End PBXNativeTarget section */

/* Begin PBXProject section */
		AA70FEE729C0364900CC714B /* Project object */ = {
			isa = PBXProject;
			attributes = {
				BuildIndependentTargetsInParallel = 1;
				LastSwiftUpdateCheck = 1420;
				LastUpgradeCheck = 1420;
				TargetAttributes = {
					AA70FEEE29C0364900CC714B = {
						CreatedOnToolsVersion = 14.2;
					};
				};
			};
			buildConfigurationList = AA70FEEA29C0364900CC714B /* Build configuration list for PBXProject "StoreMVVM" */;
			compatibilityVersion = "Xcode 14.0";
			developmentRegion = en;
			hasScannedForEncodings = 0;
			knownRegions = (
				en,
				Base,
			);
			mainGroup = AA70FEE629C0364900CC714B;
			productRefGroup = AA70FEF029C0364900CC714B /* Products */;
			projectDirPath = "";
			projectRoot = "";
			targets = (
				AA70FEEE29C0364900CC714B /* StoreMVVM */,
			);
		};
/* End PBXProject section */

/* Begin PBXResourcesBuildPhase section */
		AA70FEED29C0364900CC714B /* Resources */ = {
			isa = PBXResourcesBuildPhase;
			buildActionMask = 2147483647;
			files = (
				AAB15BF029C04F7700412F34 /* Montserrat-Bold.ttf in Resources */,
				AAB15BE429C049B700412F34 /* Montserrat-Regular.ttf in Resources */,
				AA70FEFA29C0364B00CC714B /* Preview Assets.xcassets in Resources */,
				AA70FEF729C0364B00CC714B /* Assets.xcassets in Resources */,
			);
			runOnlyForDeploymentPostprocessing = 0;
		};
/* End PBXResourcesBuildPhase section */

/* Begin PBXShellScriptBuildPhase section */
		AAFD30D429C0385700F65767 /* SwiftFormat */ = {
			isa = PBXShellScriptBuildPhase;
			buildActionMask = 2147483647;
			files = (
			);
			inputFileListPaths = (
			);
			inputPaths = (
			);
			name = SwiftFormat;
			outputFileListPaths = (
			);
			outputPaths = (
			);
			runOnlyForDeploymentPostprocessing = 0;
			shellPath = /bin/sh;
			shellScript = "export PATH=/opt/homebrew/bin:$PATH\nif which swiftformat >/dev/null; then\n  swiftformat .\nelse\n  echo \"warning: SwiftFormat not installed, download from https://github.com/nicklockwood/SwiftFormat\"\nfi\n";
		};
		AAFD30D529C0399900F65767 /* SwiftLint */ = {
			isa = PBXShellScriptBuildPhase;
			buildActionMask = 2147483647;
			files = (
			);
			inputFileListPaths = (
			);
			inputPaths = (
			);
			name = SwiftLint;
			outputFileListPaths = (
			);
			outputPaths = (
			);
			runOnlyForDeploymentPostprocessing = 0;
			shellPath = /bin/sh;
			shellScript = "export PATH=/opt/homebrew/bin:$PATH\nif which swiftlint > /dev/null; then\n  swiftlint\nelse\n  echo \"warning: SwiftLint not installed, download from https://github.com/realm/SwiftLint\"\nfi\n";
		};
/* End PBXShellScriptBuildPhase section */

/* Begin PBXSourcesBuildPhase section */
		AA70FEEB29C0364900CC714B /* Sources */ = {
			isa = PBXSourcesBuildPhase;
			buildActionMask = 2147483647;
			files = (
				AA0A4DA229C6CD6E008A1107 /* HomeViewModel.swift in Sources */,
				AAB15BE029C03F2B00412F34 /* SignInView.swift in Sources */,
				AA8C08AF29C5529300600C8C /* ProfileView.swift in Sources */,
				AA8C08B629C5559300600C8C /* StoreBackgroundTabBarShape.swift in Sources */,
				AAEC5ED329C2C3F9007066E9 /* CoordinatorView.swift in Sources */,
				AAC04DF429C6AE630024E267 /* BackgroundColorView.swift in Sources */,
				AA82CFFB29C40B49001164C3 /* LogInViewModel.swift in Sources */,
				AAC04DF129C6AD4F0024E267 /* HomeView.swift in Sources */,
				AAEC5ED129C2C36E007066E9 /* ViewName.swift in Sources */,
				AAB15BF329C057AD00412F34 /* View+Extension.swift in Sources */,
				AA6E301F29C31BEF001B4A87 /* CoreDataUserModel.xcdatamodeld in Sources */,
				AA0A4DA529C6CDC8008A1107 /* Category.swift in Sources */,
				AAB683AD29C2DA2C007BB79E /* SignInViewModel.swift in Sources */,
				AA8C08AC29C5515C00600C8C /* MainTabBarView.swift in Sources */,
				AAD2531129C6F7F500067FB7 /* LastDeal.swift in Sources */,
				AAEC5ECF29C2C23E007066E9 /* Coordinator.swift in Sources */,
				AAB15BF729C066BB00412F34 /* LogInView.swift in Sources */,
				AAC09C5B29C73B14006FB9E9 /* FlashSale.swift in Sources */,
				AA6E301C29C31B0C001B4A87 /* CoreDataService.swift in Sources */,
				AAC09C5929C738CC006FB9E9 /* GrayCircleButtonView.swift in Sources */,
				AA8C08B229C5540400600C8C /* TabItem.swift in Sources */,
				AA70FEF329C0364900CC714B /* StoreMVVMApp.swift in Sources */,
				AA8C08B429C554BE00600C8C /* StoreTabBarView.swift in Sources */,
			);
			runOnlyForDeploymentPostprocessing = 0;
		};
/* End PBXSourcesBuildPhase section */

/* Begin XCBuildConfiguration section */
		AA70FEFB29C0364B00CC714B /* Debug */ = {
			isa = XCBuildConfiguration;
			buildSettings = {
				ALWAYS_SEARCH_USER_PATHS = NO;
				CLANG_ANALYZER_NONNULL = YES;
				CLANG_ANALYZER_NUMBER_OBJECT_CONVERSION = YES_AGGRESSIVE;
				CLANG_CXX_LANGUAGE_STANDARD = "gnu++20";
				CLANG_ENABLE_MODULES = YES;
				CLANG_ENABLE_OBJC_ARC = YES;
				CLANG_ENABLE_OBJC_WEAK = YES;
				CLANG_WARN_BLOCK_CAPTURE_AUTORELEASING = YES;
				CLANG_WARN_BOOL_CONVERSION = YES;
				CLANG_WARN_COMMA = YES;
				CLANG_WARN_CONSTANT_CONVERSION = YES;
				CLANG_WARN_DEPRECATED_OBJC_IMPLEMENTATIONS = YES;
				CLANG_WARN_DIRECT_OBJC_ISA_USAGE = YES_ERROR;
				CLANG_WARN_DOCUMENTATION_COMMENTS = YES;
				CLANG_WARN_EMPTY_BODY = YES;
				CLANG_WARN_ENUM_CONVERSION = YES;
				CLANG_WARN_INFINITE_RECURSION = YES;
				CLANG_WARN_INT_CONVERSION = YES;
				CLANG_WARN_NON_LITERAL_NULL_CONVERSION = YES;
				CLANG_WARN_OBJC_IMPLICIT_RETAIN_SELF = YES;
				CLANG_WARN_OBJC_LITERAL_CONVERSION = YES;
				CLANG_WARN_OBJC_ROOT_CLASS = YES_ERROR;
				CLANG_WARN_QUOTED_INCLUDE_IN_FRAMEWORK_HEADER = YES;
				CLANG_WARN_RANGE_LOOP_ANALYSIS = YES;
				CLANG_WARN_STRICT_PROTOTYPES = YES;
				CLANG_WARN_SUSPICIOUS_MOVE = YES;
				CLANG_WARN_UNGUARDED_AVAILABILITY = YES_AGGRESSIVE;
				CLANG_WARN_UNREACHABLE_CODE = YES;
				CLANG_WARN__DUPLICATE_METHOD_MATCH = YES;
				COPY_PHASE_STRIP = NO;
				DEBUG_INFORMATION_FORMAT = dwarf;
				ENABLE_STRICT_OBJC_MSGSEND = YES;
				ENABLE_TESTABILITY = YES;
				GCC_C_LANGUAGE_STANDARD = gnu11;
				GCC_DYNAMIC_NO_PIC = NO;
				GCC_NO_COMMON_BLOCKS = YES;
				GCC_OPTIMIZATION_LEVEL = 0;
				GCC_PREPROCESSOR_DEFINITIONS = (
					"DEBUG=1",
					"$(inherited)",
				);
				GCC_WARN_64_TO_32_BIT_CONVERSION = YES;
				GCC_WARN_ABOUT_RETURN_TYPE = YES_ERROR;
				GCC_WARN_UNDECLARED_SELECTOR = YES;
				GCC_WARN_UNINITIALIZED_AUTOS = YES_AGGRESSIVE;
				GCC_WARN_UNUSED_FUNCTION = YES;
				GCC_WARN_UNUSED_VARIABLE = YES;
				IPHONEOS_DEPLOYMENT_TARGET = 16.2;
				MTL_ENABLE_DEBUG_INFO = INCLUDE_SOURCE;
				MTL_FAST_MATH = YES;
				ONLY_ACTIVE_ARCH = YES;
				SDKROOT = iphoneos;
				SWIFT_ACTIVE_COMPILATION_CONDITIONS = DEBUG;
				SWIFT_OPTIMIZATION_LEVEL = "-Onone";
			};
			name = Debug;
		};
		AA70FEFC29C0364B00CC714B /* Release */ = {
			isa = XCBuildConfiguration;
			buildSettings = {
				ALWAYS_SEARCH_USER_PATHS = NO;
				CLANG_ANALYZER_NONNULL = YES;
				CLANG_ANALYZER_NUMBER_OBJECT_CONVERSION = YES_AGGRESSIVE;
				CLANG_CXX_LANGUAGE_STANDARD = "gnu++20";
				CLANG_ENABLE_MODULES = YES;
				CLANG_ENABLE_OBJC_ARC = YES;
				CLANG_ENABLE_OBJC_WEAK = YES;
				CLANG_WARN_BLOCK_CAPTURE_AUTORELEASING = YES;
				CLANG_WARN_BOOL_CONVERSION = YES;
				CLANG_WARN_COMMA = YES;
				CLANG_WARN_CONSTANT_CONVERSION = YES;
				CLANG_WARN_DEPRECATED_OBJC_IMPLEMENTATIONS = YES;
				CLANG_WARN_DIRECT_OBJC_ISA_USAGE = YES_ERROR;
				CLANG_WARN_DOCUMENTATION_COMMENTS = YES;
				CLANG_WARN_EMPTY_BODY = YES;
				CLANG_WARN_ENUM_CONVERSION = YES;
				CLANG_WARN_INFINITE_RECURSION = YES;
				CLANG_WARN_INT_CONVERSION = YES;
				CLANG_WARN_NON_LITERAL_NULL_CONVERSION = YES;
				CLANG_WARN_OBJC_IMPLICIT_RETAIN_SELF = YES;
				CLANG_WARN_OBJC_LITERAL_CONVERSION = YES;
				CLANG_WARN_OBJC_ROOT_CLASS = YES_ERROR;
				CLANG_WARN_QUOTED_INCLUDE_IN_FRAMEWORK_HEADER = YES;
				CLANG_WARN_RANGE_LOOP_ANALYSIS = YES;
				CLANG_WARN_STRICT_PROTOTYPES = YES;
				CLANG_WARN_SUSPICIOUS_MOVE = YES;
				CLANG_WARN_UNGUARDED_AVAILABILITY = YES_AGGRESSIVE;
				CLANG_WARN_UNREACHABLE_CODE = YES;
				CLANG_WARN__DUPLICATE_METHOD_MATCH = YES;
				COPY_PHASE_STRIP = NO;
				DEBUG_INFORMATION_FORMAT = "dwarf-with-dsym";
				ENABLE_NS_ASSERTIONS = NO;
				ENABLE_STRICT_OBJC_MSGSEND = YES;
				GCC_C_LANGUAGE_STANDARD = gnu11;
				GCC_NO_COMMON_BLOCKS = YES;
				GCC_WARN_64_TO_32_BIT_CONVERSION = YES;
				GCC_WARN_ABOUT_RETURN_TYPE = YES_ERROR;
				GCC_WARN_UNDECLARED_SELECTOR = YES;
				GCC_WARN_UNINITIALIZED_AUTOS = YES_AGGRESSIVE;
				GCC_WARN_UNUSED_FUNCTION = YES;
				GCC_WARN_UNUSED_VARIABLE = YES;
				IPHONEOS_DEPLOYMENT_TARGET = 16.2;
				MTL_ENABLE_DEBUG_INFO = NO;
				MTL_FAST_MATH = YES;
				SDKROOT = iphoneos;
				SWIFT_COMPILATION_MODE = wholemodule;
				SWIFT_OPTIMIZATION_LEVEL = "-O";
				VALIDATE_PRODUCT = YES;
			};
			name = Release;
		};
		AA70FEFE29C0364B00CC714B /* Debug */ = {
			isa = XCBuildConfiguration;
			buildSettings = {
				ASSETCATALOG_COMPILER_APPICON_NAME = AppIcon;
				ASSETCATALOG_COMPILER_GLOBAL_ACCENT_COLOR_NAME = AccentColor;
				CODE_SIGN_STYLE = Automatic;
				CURRENT_PROJECT_VERSION = 1;
				DEVELOPMENT_ASSET_PATHS = "\"StoreMVVM/Preview Content\"";
				DEVELOPMENT_TEAM = VJ39792262;
				ENABLE_PREVIEWS = YES;
				GENERATE_INFOPLIST_FILE = YES;
				INFOPLIST_FILE = StoreMVVM/Info.plist;
				INFOPLIST_KEY_UIApplicationSceneManifest_Generation = YES;
				INFOPLIST_KEY_UIApplicationSupportsIndirectInputEvents = YES;
				INFOPLIST_KEY_UILaunchScreen_Generation = YES;
				INFOPLIST_KEY_UISupportedInterfaceOrientations_iPad = "UIInterfaceOrientationPortrait UIInterfaceOrientationPortraitUpsideDown UIInterfaceOrientationLandscapeLeft UIInterfaceOrientationLandscapeRight";
				INFOPLIST_KEY_UISupportedInterfaceOrientations_iPhone = "UIInterfaceOrientationPortrait UIInterfaceOrientationLandscapeLeft UIInterfaceOrientationLandscapeRight";
				IPHONEOS_DEPLOYMENT_TARGET = 16.0;
				LD_RUNPATH_SEARCH_PATHS = (
					"$(inherited)",
					"@executable_path/Frameworks",
				);
				MARKETING_VERSION = 1.0;
				PRODUCT_BUNDLE_IDENTIFIER = solovev93aa.StoreMVVM;
				PRODUCT_NAME = "$(TARGET_NAME)";
				SWIFT_EMIT_LOC_STRINGS = YES;
				SWIFT_VERSION = 5.0;
				TARGETED_DEVICE_FAMILY = "1,2";
			};
			name = Debug;
		};
		AA70FEFF29C0364B00CC714B /* Release */ = {
			isa = XCBuildConfiguration;
			buildSettings = {
				ASSETCATALOG_COMPILER_APPICON_NAME = AppIcon;
				ASSETCATALOG_COMPILER_GLOBAL_ACCENT_COLOR_NAME = AccentColor;
				CODE_SIGN_STYLE = Automatic;
				CURRENT_PROJECT_VERSION = 1;
				DEVELOPMENT_ASSET_PATHS = "\"StoreMVVM/Preview Content\"";
				DEVELOPMENT_TEAM = VJ39792262;
				ENABLE_PREVIEWS = YES;
				GENERATE_INFOPLIST_FILE = YES;
				INFOPLIST_FILE = StoreMVVM/Info.plist;
				INFOPLIST_KEY_UIApplicationSceneManifest_Generation = YES;
				INFOPLIST_KEY_UIApplicationSupportsIndirectInputEvents = YES;
				INFOPLIST_KEY_UILaunchScreen_Generation = YES;
				INFOPLIST_KEY_UISupportedInterfaceOrientations_iPad = "UIInterfaceOrientationPortrait UIInterfaceOrientationPortraitUpsideDown UIInterfaceOrientationLandscapeLeft UIInterfaceOrientationLandscapeRight";
				INFOPLIST_KEY_UISupportedInterfaceOrientations_iPhone = "UIInterfaceOrientationPortrait UIInterfaceOrientationLandscapeLeft UIInterfaceOrientationLandscapeRight";
				IPHONEOS_DEPLOYMENT_TARGET = 16.0;
				LD_RUNPATH_SEARCH_PATHS = (
					"$(inherited)",
					"@executable_path/Frameworks",
				);
				MARKETING_VERSION = 1.0;
				PRODUCT_BUNDLE_IDENTIFIER = solovev93aa.StoreMVVM;
				PRODUCT_NAME = "$(TARGET_NAME)";
				SWIFT_EMIT_LOC_STRINGS = YES;
				SWIFT_VERSION = 5.0;
				TARGETED_DEVICE_FAMILY = "1,2";
			};
			name = Release;
		};
/* End XCBuildConfiguration section */

/* Begin XCConfigurationList section */
		AA70FEEA29C0364900CC714B /* Build configuration list for PBXProject "StoreMVVM" */ = {
			isa = XCConfigurationList;
			buildConfigurations = (
				AA70FEFB29C0364B00CC714B /* Debug */,
				AA70FEFC29C0364B00CC714B /* Release */,
			);
			defaultConfigurationIsVisible = 0;
			defaultConfigurationName = Release;
		};
		AA70FEFD29C0364B00CC714B /* Build configuration list for PBXNativeTarget "StoreMVVM" */ = {
			isa = XCConfigurationList;
			buildConfigurations = (
				AA70FEFE29C0364B00CC714B /* Debug */,
				AA70FEFF29C0364B00CC714B /* Release */,
			);
			defaultConfigurationIsVisible = 0;
			defaultConfigurationName = Release;
		};
/* End XCConfigurationList section */

/* Begin XCVersionGroup section */
		AA6E301D29C31BEF001B4A87 /* CoreDataUserModel.xcdatamodeld */ = {
			isa = XCVersionGroup;
			children = (
				AA6E301E29C31BEF001B4A87 /* User.xcdatamodel */,
			);
			currentVersion = AA6E301E29C31BEF001B4A87 /* User.xcdatamodel */;
			path = CoreDataUserModel.xcdatamodeld;
			sourceTree = "<group>";
			versionGroupType = wrapper.xcdatamodel;
		};
/* End XCVersionGroup section */
	};
	rootObject = AA70FEE729C0364900CC714B /* Project object */;
}
